// !$*UTF8*$!
{
	archiveVersion = 1;
	classes = {
	};
	objectVersion = 56;
	objects = {

/* Begin PBXBuildFile section */
		224635502A6E106200D90C02 /* SJDBreatheApp.swift in Sources */ = {isa = PBXBuildFile; fileRef = 2246354F2A6E106200D90C02 /* SJDBreatheApp.swift */; };
		224635522A6E106200D90C02 /* ContentView.swift in Sources */ = {isa = PBXBuildFile; fileRef = 224635512A6E106200D90C02 /* ContentView.swift */; };
		224635542A6E106400D90C02 /* Assets.xcassets in Resources */ = {isa = PBXBuildFile; fileRef = 224635532A6E106400D90C02 /* Assets.xcassets */; };
		224635572A6E106400D90C02 /* Preview Assets.xcassets in Resources */ = {isa = PBXBuildFile; fileRef = 224635562A6E106400D90C02 /* Preview Assets.xcassets */; };
		2246355F2A6E111B00D90C02 /* BreathingSessionController.swift in Sources */ = {isa = PBXBuildFile; fileRef = 2246355E2A6E111B00D90C02 /* BreathingSessionController.swift */; };
		2257AC3A2A6E469C008925D6 /* AppSettingsController.swift in Sources */ = {isa = PBXBuildFile; fileRef = 2257AC392A6E469C008925D6 /* AppSettingsController.swift */; };
		2257AC3C2A6E5884008925D6 /* IdleView.swift in Sources */ = {isa = PBXBuildFile; fileRef = 2257AC3B2A6E5884008925D6 /* IdleView.swift */; };
		2257AC3E2A6E58F7008925D6 /* BreathingView.swift in Sources */ = {isa = PBXBuildFile; fileRef = 2257AC3D2A6E58F7008925D6 /* BreathingView.swift */; };
		2257AC402A6E5914008925D6 /* HoldingView.swift in Sources */ = {isa = PBXBuildFile; fileRef = 2257AC3F2A6E5914008925D6 /* HoldingView.swift */; };
		2257AC422A6E595A008925D6 /* RecoveryView.swift in Sources */ = {isa = PBXBuildFile; fileRef = 2257AC412A6E595A008925D6 /* RecoveryView.swift */; };
		2267F9382A73A5120017B44A /* BreathingIndicator.swift in Sources */ = {isa = PBXBuildFile; fileRef = 2267F9372A73A5120017B44A /* BreathingIndicator.swift */; };
/* End PBXBuildFile section */

/* Begin PBXFileReference section */
		2246354C2A6E106200D90C02 /* SJD Breathe.app */ = {isa = PBXFileReference; explicitFileType = wrapper.application; includeInIndex = 0; path = "SJD Breathe.app"; sourceTree = BUILT_PRODUCTS_DIR; };
		2246354F2A6E106200D90C02 /* SJDBreatheApp.swift */ = {isa = PBXFileReference; lastKnownFileType = sourcecode.swift; path = SJDBreatheApp.swift; sourceTree = "<group>"; };
		224635512A6E106200D90C02 /* ContentView.swift */ = {isa = PBXFileReference; lastKnownFileType = sourcecode.swift; path = ContentView.swift; sourceTree = "<group>"; };
		224635532A6E106400D90C02 /* Assets.xcassets */ = {isa = PBXFileReference; lastKnownFileType = folder.assetcatalog; path = Assets.xcassets; sourceTree = "<group>"; };
		224635562A6E106400D90C02 /* Preview Assets.xcassets */ = {isa = PBXFileReference; lastKnownFileType = folder.assetcatalog; path = "Preview Assets.xcassets"; sourceTree = "<group>"; };
		2246355E2A6E111B00D90C02 /* BreathingSessionController.swift */ = {isa = PBXFileReference; lastKnownFileType = sourcecode.swift; path = BreathingSessionController.swift; sourceTree = "<group>"; };
		2257AC392A6E469C008925D6 /* AppSettingsController.swift */ = {isa = PBXFileReference; lastKnownFileType = sourcecode.swift; path = AppSettingsController.swift; sourceTree = "<group>"; };
		2257AC3B2A6E5884008925D6 /* IdleView.swift */ = {isa = PBXFileReference; lastKnownFileType = sourcecode.swift; path = IdleView.swift; sourceTree = "<group>"; };
		2257AC3D2A6E58F7008925D6 /* BreathingView.swift */ = {isa = PBXFileReference; lastKnownFileType = sourcecode.swift; path = BreathingView.swift; sourceTree = "<group>"; };
		2257AC3F2A6E5914008925D6 /* HoldingView.swift */ = {isa = PBXFileReference; lastKnownFileType = sourcecode.swift; path = HoldingView.swift; sourceTree = "<group>"; };
		2257AC412A6E595A008925D6 /* RecoveryView.swift */ = {isa = PBXFileReference; lastKnownFileType = sourcecode.swift; path = RecoveryView.swift; sourceTree = "<group>"; };
		2267F9372A73A5120017B44A /* BreathingIndicator.swift */ = {isa = PBXFileReference; lastKnownFileType = sourcecode.swift; path = BreathingIndicator.swift; sourceTree = "<group>"; };
/* End PBXFileReference section */

/* Begin PBXFrameworksBuildPhase section */
		224635492A6E106200D90C02 /* Frameworks */ = {
			isa = PBXFrameworksBuildPhase;
			buildActionMask = 2147483647;
			files = (
			);
			runOnlyForDeploymentPostprocessing = 0;
		};
/* End PBXFrameworksBuildPhase section */

/* Begin PBXGroup section */
		224635432A6E106200D90C02 = {
			isa = PBXGroup;
			children = (
				2246354E2A6E106200D90C02 /* SJD Breathe */,
				2246354D2A6E106200D90C02 /* Products */,
			);
			sourceTree = "<group>";
		};
		2246354D2A6E106200D90C02 /* Products */ = {
			isa = PBXGroup;
			children = (
				2246354C2A6E106200D90C02 /* SJD Breathe.app */,
			);
			name = Products;
			sourceTree = "<group>";
		};
		2246354E2A6E106200D90C02 /* SJD Breathe */ = {
			isa = PBXGroup;
			children = (
				2246355D2A6E110D00D90C02 /* Model */,
				2257AC432A6E5B32008925D6 /* Views */,
				2246354F2A6E106200D90C02 /* SJDBreatheApp.swift */,
				224635532A6E106400D90C02 /* Assets.xcassets */,
				224635552A6E106400D90C02 /* Preview Content */,
			);
			path = "SJD Breathe";
			sourceTree = "<group>";
		};
		224635552A6E106400D90C02 /* Preview Content */ = {
			isa = PBXGroup;
			children = (
				224635562A6E106400D90C02 /* Preview Assets.xcassets */,
			);
			path = "Preview Content";
			sourceTree = "<group>";
		};
		2246355D2A6E110D00D90C02 /* Model */ = {
			isa = PBXGroup;
			children = (
				2246355E2A6E111B00D90C02 /* BreathingSessionController.swift */,
				2257AC392A6E469C008925D6 /* AppSettingsController.swift */,
			);
			path = Model;
			sourceTree = "<group>";
		};
		2257AC432A6E5B32008925D6 /* Views */ = {
			isa = PBXGroup;
			children = (
				224635512A6E106200D90C02 /* ContentView.swift */,
				2257AC3B2A6E5884008925D6 /* IdleView.swift */,
				2257AC3D2A6E58F7008925D6 /* BreathingView.swift */,
				2257AC3F2A6E5914008925D6 /* HoldingView.swift */,
				2257AC412A6E595A008925D6 /* RecoveryView.swift */,
				2267F9372A73A5120017B44A /* BreathingIndicator.swift */,
			);
			path = Views;
			sourceTree = "<group>";
		};
/* End PBXGroup section */

/* Begin PBXNativeTarget section */
		2246354B2A6E106200D90C02 /* SJD Breathe */ = {
			isa = PBXNativeTarget;
			buildConfigurationList = 2246355A2A6E106400D90C02 /* Build configuration list for PBXNativeTarget "SJD Breathe" */;
			buildPhases = (
				224635482A6E106200D90C02 /* Sources */,
				224635492A6E106200D90C02 /* Frameworks */,
				2246354A2A6E106200D90C02 /* Resources */,
			);
			buildRules = (
			);
			dependencies = (
			);
			name = "SJD Breathe";
			productName = "SJD Breathe";
			productReference = 2246354C2A6E106200D90C02 /* SJD Breathe.app */;
			productType = "com.apple.product-type.application";
		};
/* End PBXNativeTarget section */

/* Begin PBXProject section */
		224635442A6E106200D90C02 /* Project object */ = {
			isa = PBXProject;
			attributes = {
				BuildIndependentTargetsInParallel = 1;
				LastSwiftUpdateCheck = 1500;
				LastUpgradeCheck = 1500;
				TargetAttributes = {
					2246354B2A6E106200D90C02 = {
						CreatedOnToolsVersion = 15.0;
					};
				};
			};
			buildConfigurationList = 224635472A6E106200D90C02 /* Build configuration list for PBXProject "SJD Breathe" */;
			compatibilityVersion = "Xcode 14.0";
			developmentRegion = en;
			hasScannedForEncodings = 0;
			knownRegions = (
				en,
				Base,
			);
			mainGroup = 224635432A6E106200D90C02;
			productRefGroup = 2246354D2A6E106200D90C02 /* Products */;
			projectDirPath = "";
			projectRoot = "";
			targets = (
				2246354B2A6E106200D90C02 /* SJD Breathe */,
			);
		};
/* End PBXProject section */

/* Begin PBXResourcesBuildPhase section */
		2246354A2A6E106200D90C02 /* Resources */ = {
			isa = PBXResourcesBuildPhase;
			buildActionMask = 2147483647;
			files = (
				224635572A6E106400D90C02 /* Preview Assets.xcassets in Resources */,
				224635542A6E106400D90C02 /* Assets.xcassets in Resources */,
			);
			runOnlyForDeploymentPostprocessing = 0;
		};
/* End PBXResourcesBuildPhase section */

/* Begin PBXSourcesBuildPhase section */
		224635482A6E106200D90C02 /* Sources */ = {
			isa = PBXSourcesBuildPhase;
			buildActionMask = 2147483647;
			files = (
				2257AC3A2A6E469C008925D6 /* AppSettingsController.swift in Sources */,
				224635522A6E106200D90C02 /* ContentView.swift in Sources */,
				2246355F2A6E111B00D90C02 /* BreathingSessionController.swift in Sources */,
				224635502A6E106200D90C02 /* SJDBreatheApp.swift in Sources */,
				2257AC3C2A6E5884008925D6 /* IdleView.swift in Sources */,
				2257AC402A6E5914008925D6 /* HoldingView.swift in Sources */,
				2257AC3E2A6E58F7008925D6 /* BreathingView.swift in Sources */,
				2257AC422A6E595A008925D6 /* RecoveryView.swift in Sources */,
				2267F9382A73A5120017B44A /* BreathingIndicator.swift in Sources */,
			);
			runOnlyForDeploymentPostprocessing = 0;
		};
/* End PBXSourcesBuildPhase section */

/* Begin XCBuildConfiguration section */
		224635582A6E106400D90C02 /* Debug */ = {
			isa = XCBuildConfiguration;
			buildSettings = {
				ALWAYS_SEARCH_USER_PATHS = NO;
				ASSETCATALOG_COMPILER_GENERATE_SWIFT_ASSET_SYMBOL_EXTENSIONS = YES;
				CLANG_ANALYZER_NONNULL = YES;
				CLANG_ANALYZER_NUMBER_OBJECT_CONVERSION = YES_AGGRESSIVE;
				CLANG_CXX_LANGUAGE_STANDARD = "gnu++20";
				CLANG_ENABLE_MODULES = YES;
				CLANG_ENABLE_OBJC_ARC = YES;
				CLANG_ENABLE_OBJC_WEAK = YES;
				CLANG_WARN_BLOCK_CAPTURE_AUTORELEASING = YES;
				CLANG_WARN_BOOL_CONVERSION = YES;
				CLANG_WARN_COMMA = YES;
				CLANG_WARN_CONSTANT_CONVERSION = YES;
				CLANG_WARN_DEPRECATED_OBJC_IMPLEMENTATIONS = YES;
				CLANG_WARN_DIRECT_OBJC_ISA_USAGE = YES_ERROR;
				CLANG_WARN_DOCUMENTATION_COMMENTS = YES;
				CLANG_WARN_EMPTY_BODY = YES;
				CLANG_WARN_ENUM_CONVERSION = YES;
				CLANG_WARN_INFINITE_RECURSION = YES;
				CLANG_WARN_INT_CONVERSION = YES;
				CLANG_WARN_NON_LITERAL_NULL_CONVERSION = YES;
				CLANG_WARN_OBJC_IMPLICIT_RETAIN_SELF = YES;
				CLANG_WARN_OBJC_LITERAL_CONVERSION = YES;
				CLANG_WARN_OBJC_ROOT_CLASS = YES_ERROR;
				CLANG_WARN_QUOTED_INCLUDE_IN_FRAMEWORK_HEADER = YES;
				CLANG_WARN_RANGE_LOOP_ANALYSIS = YES;
				CLANG_WARN_STRICT_PROTOTYPES = YES;
				CLANG_WARN_SUSPICIOUS_MOVE = YES;
				CLANG_WARN_UNGUARDED_AVAILABILITY = YES_AGGRESSIVE;
				CLANG_WARN_UNREACHABLE_CODE = YES;
				CLANG_WARN__DUPLICATE_METHOD_MATCH = YES;
				COPY_PHASE_STRIP = NO;
				DEBUG_INFORMATION_FORMAT = dwarf;
				ENABLE_STRICT_OBJC_MSGSEND = YES;
				ENABLE_TESTABILITY = YES;
				ENABLE_USER_SCRIPT_SANDBOXING = YES;
				GCC_C_LANGUAGE_STANDARD = gnu17;
				GCC_DYNAMIC_NO_PIC = NO;
				GCC_NO_COMMON_BLOCKS = YES;
				GCC_OPTIMIZATION_LEVEL = 0;
				GCC_PREPROCESSOR_DEFINITIONS = (
					"DEBUG=1",
					"$(inherited)",
				);
				GCC_WARN_64_TO_32_BIT_CONVERSION = YES;
				GCC_WARN_ABOUT_RETURN_TYPE = YES_ERROR;
				GCC_WARN_UNDECLARED_SELECTOR = YES;
				GCC_WARN_UNINITIALIZED_AUTOS = YES_AGGRESSIVE;
				GCC_WARN_UNUSED_FUNCTION = YES;
				GCC_WARN_UNUSED_VARIABLE = YES;
				IPHONEOS_DEPLOYMENT_TARGET = 17.0;
				LOCALIZATION_PREFERS_STRING_CATALOGS = YES;
				MTL_ENABLE_DEBUG_INFO = INCLUDE_SOURCE;
				MTL_FAST_MATH = YES;
				ONLY_ACTIVE_ARCH = YES;
				SDKROOT = iphoneos;
				SWIFT_ACTIVE_COMPILATION_CONDITIONS = "DEBUG $(inherited)";
				SWIFT_OPTIMIZATION_LEVEL = "-Onone";
			};
			name = Debug;
		};
		224635592A6E106400D90C02 /* Release */ = {
			isa = XCBuildConfiguration;
			buildSettings = {
				ALWAYS_SEARCH_USER_PATHS = NO;
				ASSETCATALOG_COMPILER_GENERATE_SWIFT_ASSET_SYMBOL_EXTENSIONS = YES;
				CLANG_ANALYZER_NONNULL = YES;
				CLANG_ANALYZER_NUMBER_OBJECT_CONVERSION = YES_AGGRESSIVE;
				CLANG_CXX_LANGUAGE_STANDARD = "gnu++20";
				CLANG_ENABLE_MODULES = YES;
				CLANG_ENABLE_OBJC_ARC = YES;
				CLANG_ENABLE_OBJC_WEAK = YES;
				CLANG_WARN_BLOCK_CAPTURE_AUTORELEASING = YES;
				CLANG_WARN_BOOL_CONVERSION = YES;
				CLANG_WARN_COMMA = YES;
				CLANG_WARN_CONSTANT_CONVERSION = YES;
				CLANG_WARN_DEPRECATED_OBJC_IMPLEMENTATIONS = YES;
				CLANG_WARN_DIRECT_OBJC_ISA_USAGE = YES_ERROR;
				CLANG_WARN_DOCUMENTATION_COMMENTS = YES;
				CLANG_WARN_EMPTY_BODY = YES;
				CLANG_WARN_ENUM_CONVERSION = YES;
				CLANG_WARN_INFINITE_RECURSION = YES;
				CLANG_WARN_INT_CONVERSION = YES;
				CLANG_WARN_NON_LITERAL_NULL_CONVERSION = YES;
				CLANG_WARN_OBJC_IMPLICIT_RETAIN_SELF = YES;
				CLANG_WARN_OBJC_LITERAL_CONVERSION = YES;
				CLANG_WARN_OBJC_ROOT_CLASS = YES_ERROR;
				CLANG_WARN_QUOTED_INCLUDE_IN_FRAMEWORK_HEADER = YES;
				CLANG_WARN_RANGE_LOOP_ANALYSIS = YES;
				CLANG_WARN_STRICT_PROTOTYPES = YES;
				CLANG_WARN_SUSPICIOUS_MOVE = YES;
				CLANG_WARN_UNGUARDED_AVAILABILITY = YES_AGGRESSIVE;
				CLANG_WARN_UNREACHABLE_CODE = YES;
				CLANG_WARN__DUPLICATE_METHOD_MATCH = YES;
				COPY_PHASE_STRIP = NO;
				DEBUG_INFORMATION_FORMAT = "dwarf-with-dsym";
				ENABLE_NS_ASSERTIONS = NO;
				ENABLE_STRICT_OBJC_MSGSEND = YES;
				ENABLE_USER_SCRIPT_SANDBOXING = YES;
				GCC_C_LANGUAGE_STANDARD = gnu17;
				GCC_NO_COMMON_BLOCKS = YES;
				GCC_WARN_64_TO_32_BIT_CONVERSION = YES;
				GCC_WARN_ABOUT_RETURN_TYPE = YES_ERROR;
				GCC_WARN_UNDECLARED_SELECTOR = YES;
				GCC_WARN_UNINITIALIZED_AUTOS = YES_AGGRESSIVE;
				GCC_WARN_UNUSED_FUNCTION = YES;
				GCC_WARN_UNUSED_VARIABLE = YES;
				IPHONEOS_DEPLOYMENT_TARGET = 17.0;
				LOCALIZATION_PREFERS_STRING_CATALOGS = YES;
				MTL_ENABLE_DEBUG_INFO = NO;
				MTL_FAST_MATH = YES;
				SDKROOT = iphoneos;
				SWIFT_COMPILATION_MODE = wholemodule;
				VALIDATE_PRODUCT = YES;
			};
			name = Release;
		};
		2246355B2A6E106400D90C02 /* Debug */ = {
			isa = XCBuildConfiguration;
			buildSettings = {
				ASSETCATALOG_COMPILER_APPICON_NAME = AppIcon;
				ASSETCATALOG_COMPILER_GLOBAL_ACCENT_COLOR_NAME = AccentColor;
				CODE_SIGN_IDENTITY = "Apple Development";
				CODE_SIGN_STYLE = Automatic;
				CURRENT_PROJECT_VERSION = 1;
				DEVELOPMENT_ASSET_PATHS = "\"SJD Breathe/Preview Content\"";
				DEVELOPMENT_TEAM = N5B3FJPB8K;
				ENABLE_PREVIEWS = YES;
				GENERATE_INFOPLIST_FILE = YES;
				INFOPLIST_KEY_CFBundleDisplayName = "SJD Breathe";
				INFOPLIST_KEY_UIApplicationSceneManifest_Generation = YES;
				INFOPLIST_KEY_UIApplicationSupportsIndirectInputEvents = YES;
				INFOPLIST_KEY_UILaunchScreen_Generation = YES;
				INFOPLIST_KEY_UISupportedInterfaceOrientations_iPad = "UIInterfaceOrientationPortrait UIInterfaceOrientationPortraitUpsideDown UIInterfaceOrientationLandscapeLeft UIInterfaceOrientationLandscapeRight";
				INFOPLIST_KEY_UISupportedInterfaceOrientations_iPhone = "UIInterfaceOrientationPortrait UIInterfaceOrientationLandscapeLeft UIInterfaceOrientationLandscapeRight";
				LD_RUNPATH_SEARCH_PATHS = (
					"$(inherited)",
					"@executable_path/Frameworks",
				);
				MARKETING_VERSION = 1.0;
				PRODUCT_BUNDLE_IDENTIFIER = "com.sjd.SJD-Breathe";
				PRODUCT_NAME = "$(TARGET_NAME)";
				PROVISIONING_PROFILE_SPECIFIER = "";
				SWIFT_EMIT_LOC_STRINGS = YES;
				SWIFT_VERSION = 5.0;
				TARGETED_DEVICE_FAMILY = "1,2";
			};
			name = Debug;
		};
		2246355C2A6E106400D90C02 /* Release */ = {
			isa = XCBuildConfiguration;
			buildSettings = {
				ASSETCATALOG_COMPILER_APPICON_NAME = AppIcon;
				ASSETCATALOG_COMPILER_GLOBAL_ACCENT_COLOR_NAME = AccentColor;
				CODE_SIGN_IDENTITY = "Apple Development";
				CODE_SIGN_STYLE = Automatic;
				CURRENT_PROJECT_VERSION = 1;
				DEVELOPMENT_ASSET_PATHS = "\"SJD Breathe/Preview Content\"";
				DEVELOPMENT_TEAM = N5B3FJPB8K;
				ENABLE_PREVIEWS = YES;
				GENERATE_INFOPLIST_FILE = YES;
				INFOPLIST_KEY_CFBundleDisplayName = "SJD Breathe";
				INFOPLIST_KEY_UIApplicationSceneManifest_Generation = YES;
				INFOPLIST_KEY_UIApplicationSupportsIndirectInputEvents = YES;
				INFOPLIST_KEY_UILaunchScreen_Generation = YES;
				INFOPLIST_KEY_UISupportedInterfaceOrientations_iPad = "UIInterfaceOrientationPortrait UIInterfaceOrientationPortraitUpsideDown UIInterfaceOrientationLandscapeLeft UIInterfaceOrientationLandscapeRight";
				INFOPLIST_KEY_UISupportedInterfaceOrientations_iPhone = "UIInterfaceOrientationPortrait UIInterfaceOrientationLandscapeLeft UIInterfaceOrientationLandscapeRight";
				LD_RUNPATH_SEARCH_PATHS = (
					"$(inherited)",
					"@executable_path/Frameworks",
				);
				MARKETING_VERSION = 1.0;
				PRODUCT_BUNDLE_IDENTIFIER = "com.sjd.SJD-Breathe";
				PRODUCT_NAME = "$(TARGET_NAME)";
				PROVISIONING_PROFILE_SPECIFIER = "";
				SWIFT_EMIT_LOC_STRINGS = YES;
				SWIFT_VERSION = 5.0;
				TARGETED_DEVICE_FAMILY = "1,2";
			};
			name = Release;
		};
/* End XCBuildConfiguration section */

/* Begin XCConfigurationList section */
		224635472A6E106200D90C02 /* Build configuration list for PBXProject "SJD Breathe" */ = {
			isa = XCConfigurationList;
			buildConfigurations = (
				224635582A6E106400D90C02 /* Debug */,
				224635592A6E106400D90C02 /* Release */,
			);
			defaultConfigurationIsVisible = 0;
			defaultConfigurationName = Release;
		};
		2246355A2A6E106400D90C02 /* Build configuration list for PBXNativeTarget "SJD Breathe" */ = {
			isa = XCConfigurationList;
			buildConfigurations = (
				2246355B2A6E106400D90C02 /* Debug */,
				2246355C2A6E106400D90C02 /* Release */,
			);
			defaultConfigurationIsVisible = 0;
			defaultConfigurationName = Release;
		};
/* End XCConfigurationList section */
	};
	rootObject = 224635442A6E106200D90C02 /* Project object */;
}
